
Microsoft Visual Studio Solution File, Format Version 12.00
# Visual Studio Version 17
VisualStudioVersion = 17.0.31903.59
MinimumVisualStudioVersion = 10.0.40219.1
Project("{2150E333-8FDC-42A3-9474-1A3956D46DE8}") = "src", "src", "{50552684-4ED9-43C7-86D1-07A77B04A98E}"
EndProject
Project("{FAE04EC0-301F-11D3-BF4B-00C04F79EFBC}") = "aspnetapp", "src\aspnetapp\aspnetapp.csproj", "{1B9508B9-E1A8-4C39-AF85-CCB613F8804B}"
EndProject
Global
	GlobalSection(SolutionConfigurationPlatforms) = preSolution
		Debug|Any CPU = Debug|Any CPU
		Release|Any CPU = Release|Any CPU
	EndGlobalSection
	GlobalSection(SolutionProperties) = preSolution
		HideSolutionNode = FALSE
	EndGlobalSection
	GlobalSection(ProjectConfigurationPlatforms) = postSolution
		{1B9508B9-E1A8-4C39-AF85-CCB613F8804B}.Debug|Any CPU.ActiveCfg = Debug|Any CPU
		{1B9508B9-E1A8-4C39-AF85-CCB613F8804B}.Debug|Any CPU.Build.0 = Debug|Any CPU
		{1B9508B9-E1A8-4C39-AF85-CCB613F8804B}.Release|Any CPU.ActiveCfg = Release|Any CPU
		{1B9508B9-E1A8-4C39-AF85-CCB613F8804B}.Release|Any CPU.Build.0 = Release|Any CPU
	EndGlobalSection
	GlobalSection(NestedProjects) = preSolution
		{1B9508B9-E1A8-4C39-AF85-CCB613F8804B} = {50552684-4ED9-43C7-86D1-07A77B04A98E}
	EndGlobalSection
EndGlobal
